
Microsoft Visual Studio Solution File, Format Version 12.00
# Visual Studio 15
VisualStudioVersion = 15.0.28307.489
MinimumVisualStudioVersion = 10.0.40219.1
Project("{8BC9CEB8-8B4A-11D0-8D11-00A0C91BC942}") = "Test", "Test\Test.vcxproj", "{4A2F0AFF-0E57-46E0-97D6-BF46639B1F8E}"
EndProject
Global
	GlobalSection(SolutionConfigurationPlatforms) = preSolution
		Debug|x64 = Debug|x64
		Debug|x86 = Debug|x86
		Release|x64 = Release|x64
		Release|x86 = Release|x86
	EndGlobalSection
	GlobalSection(ProjectConfigurationPlatforms) = postSolution
		{4A2F0AFF-0E57-46E0-97D6-BF46639B1F8E}.Debug|x64.ActiveCfg = Debug|x64
		{4A2F0AFF-0E57-46E0-97D6-BF46639B1F8E}.Debug|x64.Build.0 = Debug|x64
		{4A2F0AFF-0E57-46E0-97D6-BF46639B1F8E}.Debug|x86.ActiveCfg = Debug|Win32
		{4A2F0AFF-0E57-46E0-97D6-BF46639B1F8E}.Debug|x86.Build.0 = Debug|Win32
		{4A2F0AFF-0E57-46E0-97D6-BF46639B1F8E}.Release|x64.ActiveCfg = Release|x64
		{4A2F0AFF-0E57-46E0-97D6-BF46639B1F8E}.Release|x64.Build.0 = Release|x64
		{4A2F0AFF-0E57-46E0-97D6-BF46639B1F8E}.Release|x86.ActiveCfg = Release|Win32
		{4A2F0AFF-0E57-46E0-97D6-BF46639B1F8E}.Release|x86.Build.0 = Release|Win32
	EndGlobalSection
	GlobalSection(SolutionProperties) = preSolution
		HideSolutionNode = FALSE
	EndGlobalSection
	GlobalSection(ExtensibilityGlobals) = postSolution
		SolutionGuid = {EA40732C-B1FE-45B4-82FD-C8971900FFAD}
	EndGlobalSection
EndGlobal
